
Microsoft Visual Studio Solution File, Format Version 12.00
# Visual Studio 2012
Project("{FAE04EC0-301F-11D3-BF4B-00C04F79EFBC}") = "NoteTaLoc", "NoteTaLoc\NoteTaLoc.csproj", "{E31E0830-131A-4BEF-A694-C5137857BB73}"
EndProject
Project("{FAE04EC0-301F-11D3-BF4B-00C04F79EFBC}") = "NoteTaLoc.Tests", "NoteTaLoc.Tests\NoteTaLoc.Tests.csproj", "{64E68C3B-E62E-48B1-9091-C4BA0F6C8AC1}"
EndProject
Global
	GlobalSection(SolutionConfigurationPlatforms) = preSolution
		Debug|Any CPU = Debug|Any CPU
		Release|Any CPU = Release|Any CPU
	EndGlobalSection
	GlobalSection(ProjectConfigurationPlatforms) = postSolution
		{E31E0830-131A-4BEF-A694-C5137857BB73}.Debug|Any CPU.ActiveCfg = Debug|Any CPU
		{E31E0830-131A-4BEF-A694-C5137857BB73}.Debug|Any CPU.Build.0 = Debug|Any CPU
		{E31E0830-131A-4BEF-A694-C5137857BB73}.Release|Any CPU.ActiveCfg = Release|Any CPU
		{E31E0830-131A-4BEF-A694-C5137857BB73}.Release|Any CPU.Build.0 = Release|Any CPU
		{64E68C3B-E62E-48B1-9091-C4BA0F6C8AC1}.Debug|Any CPU.ActiveCfg = Debug|Any CPU
		{64E68C3B-E62E-48B1-9091-C4BA0F6C8AC1}.Debug|Any CPU.Build.0 = Debug|Any CPU
		{64E68C3B-E62E-48B1-9091-C4BA0F6C8AC1}.Release|Any CPU.ActiveCfg = Release|Any CPU
		{64E68C3B-E62E-48B1-9091-C4BA0F6C8AC1}.Release|Any CPU.Build.0 = Release|Any CPU
	EndGlobalSection
	GlobalSection(SolutionProperties) = preSolution
		HideSolutionNode = FALSE
	EndGlobalSection
EndGlobal
